<?xml version="1.0" encoding="utf-8"?>
<Project ToolsVersion="4.0" xmlns="http://schemas.microsoft.com/developer/msbuild/2003">
  <ItemGroup>
    <Filter Include="源文件">
      <UniqueIdentifier>{4FC737F1-C7A5-4376-A066-2A32D752A2FF}</UniqueIdentifier>
      <Extensions>cpp;c;cc;cxx;def;odl;idl;hpj;bat;asm;asmx</Extensions>
    </Filter>
    <Filter Include="头文件">
      <UniqueIdentifier>{93995380-89BD-4b04-88EB-625FBE52EBFB}</UniqueIdentifier>
      <Extensions>h;hh;hpp;hxx;hm;inl;inc;xsd</Extensions>
    </Filter>
    <Filter Include="资源文件">
      <UniqueIdentifier>{67DA6AB6-F800-4c08-8B7A-83BB121AAD01}</UniqueIdentifier>
      <Extensions>rc;ico;cur;bmp;dlg;rc2;rct;bin;rgs;gif;jpg;jpeg;jpe;resx;tiff;tif;png;wav;mfcribbon-ms</Extensions>
    </Filter>
    <Filter Include="源文件\test">
      <UniqueIdentifier>{6dbbc493-951b-4982-854c-3db981a1ba08}</UniqueIdentifier>
    </Filter>
    <Filter Include="资源文件\Skin 1">
      <UniqueIdentifier>{70dba150-d1e9-493b-ba16-bd5c9b58d03c}</UniqueIdentifier>
    </Filter>
    <Filter Include="资源文件\Skin 3">
      <UniqueIdentifier>{154f291f-1e54-4b88-a948-4b3215cfb4b8}</UniqueIdentifier>
    </Filter>
    <Filter Include="资源文件\BackGround">
      <UniqueIdentifier>{979cb0f6-77cc-45c2-8534-e01479435d0a}</UniqueIdentifier>
    </Filter>
    <Filter Include="头文件\test">
      <UniqueIdentifier>{b0ee5feb-5605-45fe-95e1-578bb2b5f48e}</UniqueIdentifier>
    </Filter>
    <Filter Include="资源文件\Skin 2">
      <UniqueIdentifier>{fbf5ce97-2565-4099-a683-909479201432}</UniqueIdentifier>
    </Filter>
  </ItemGroup>
  <ItemGroup>
    <ClInclude Include="Map.h">
      <Filter>头文件</Filter>
    </ClInclude>
    <ClInclude Include="Button.h">
      <Filter>头文件</Filter>
    </ClInclude>
    <ClInclude Include="Piece.h">
      <Filter>头文件</Filter>
    </ClInclude>
    <ClInclude Include="gameMode.h">
      <Filter>头文件</Filter>
    </ClInclude>
    <ClInclude Include="leaderboardMode.h">
      <Filter>头文件</Filter>
    </ClInclude>
    <ClInclude Include="optionMode.h">
      <Filter>头文件</Filter>
    </ClInclude>
    <ClInclude Include="Option.h">
      <Filter>头文件</Filter>
    </ClInclude>
    <ClInclude Include="Global.h">
      <Filter>头文件</Filter>
    </ClInclude>
    <ClInclude Include="Time.h">
      <Filter>头文件</Filter>
    </ClInclude>
    <ClInclude Include="Score.h">
      <Filter>头文件</Filter>
    </ClInclude>
    <ClInclude Include="Resource.h">
      <Filter>头文件</Filter>
    </ClInclude>
    <ClInclude Include="Animation.h">
      <Filter>头文件</Filter>
    </ClInclude>
    <ClInclude Include="test.h">
      <Filter>头文件\test</Filter>
    </ClInclude>
    <ClInclude Include="messageBox.h">
      <Filter>头文件</Filter>
    </ClInclude>
  </ItemGroup>
  <ItemGroup>
    <ClCompile Include="main.cpp">
      <Filter>源文件</Filter>
    </ClCompile>
    <ClCompile Include="Map.cpp">
      <Filter>源文件</Filter>
    </ClCompile>
    <ClCompile Include="Piece.cpp">
      <Filter>源文件</Filter>
    </ClCompile>
    <ClCompile Include="testClear.cpp">
      <Filter>源文件\test</Filter>
    </ClCompile>
    <ClCompile Include="gameMode.cpp">
      <Filter>源文件</Filter>
    </ClCompile>
    <ClCompile Include="Map_Friend.cpp">
      <Filter>源文件</Filter>
    </ClCompile>
    <ClCompile Include="leaderboardMode.cpp">
      <Filter>源文件</Filter>
    </ClCompile>
    <ClCompile Include="Option.cpp">
      <Filter>源文件</Filter>
    </ClCompile>
    <ClCompile Include="optionMode.cpp">
      <Filter>源文件</Filter>
    </ClCompile>
    <ClCompile Include="Global.cpp">
      <Filter>源文件</Filter>
    </ClCompile>
    <ClCompile Include="Time.cpp">
      <Filter>源文件</Filter>
    </ClCompile>
    <ClCompile Include="Score.cpp">
      <Filter>源文件</Filter>
    </ClCompile>
    <ClCompile Include="Animation.cpp">
      <Filter>源文件</Filter>
    </ClCompile>
    <ClCompile Include="button.cpp">
      <Filter>源文件</Filter>
    </ClCompile>
    <ClCompile Include="Resource.cpp">
      <Filter>源文件</Filter>
    </ClCompile>
    <ClCompile Include="ResourceIn.cpp">
      <Filter>源文件\test</Filter>
    </ClCompile>
    <ClCompile Include="messageBox.cpp">
      <Filter>源文件</Filter>
    </ClCompile>
  </ItemGroup>
  <ItemGroup>
    <Image Include="resource\Bk.png">
      <Filter>资源文件</Filter>
    </Image>
    <Image Include="resource\exit.png">
      <Filter>资源文件</Filter>
    </Image>
    <Image Include="resource\exit-m.png">
      <Filter>资源文件</Filter>
    </Image>
    <Image Include="resource\exit-on.png">
      <Filter>资源文件</Filter>
    </Image>
    <Image Include="resource\init.png">
      <Filter>资源文件</Filter>
    </Image>
    <Image Include="resource\leaderboard.png">
      <Filter>资源文件</Filter>
    </Image>
    <Image Include="resource\leaderboard-m.png">
      <Filter>资源文件</Filter>
    </Image>
    <Image Include="resource\leaderboard-on.png">
      <Filter>资源文件</Filter>
    </Image>
    <Image Include="resource\newGame.png">
      <Filter>资源文件</Filter>
    </Image>
    <Image Include="resource\newGame-m.png">
      <Filter>资源文件</Filter>
    </Image>
    <Image Include="resource\newGame-on.png">
      <Filter>资源文件</Filter>
    </Image>
    <Image Include="resource\Option.png">
      <Filter>资源文件</Filter>
    </Image>
    <Image Include="resource\option1.png">
      <Filter>资源文件</Filter>
    </Image>
    <Image Include="resource\option2.png">
      <Filter>资源文件</Filter>
    </Image>
    <Image Include="resource\Option-m.png">
      <Filter>资源文件</Filter>
    </Image>
    <Image Include="resource\Option-on.png">
      <Filter>资源文件</Filter>
    </Image>
    <Image Include="resource\PairupLeader.jpg">
      <Filter>资源文件</Filter>
    </Image>
    <Image Include="resource\BackGround\GameBk1.png">
      <Filter>资源文件\BackGround</Filter>
    </Image>
    <Image Include="resource\BackGround\GameBk2.png">
      <Filter>资源文件\BackGround</Filter>
    </Image>
    <Image Include="resource\BackGround\GameBk3.png">
      <Filter>资源文件\BackGround</Filter>
    </Image>
    <Image Include="resource\BackGround\GameBk4.png">
      <Filter>资源文件\BackGround</Filter>
    </Image>
    <Image Include="resource\BackGround\GameBk5.png">
      <Filter>资源文件\BackGround</Filter>
    </Image>
    <Image Include="resource\BackGround\GameBk6.png">
      <Filter>资源文件\BackGround</Filter>
    </Image>
    <Image Include="resource\BackGround\GameBk7.png">
      <Filter>资源文件\BackGround</Filter>
    </Image>
    <Image Include="resource\BackGround\GameBk8.png">
      <Filter>资源文件\BackGround</Filter>
    </Image>
    <Image Include="resource\BackGround\GameBk9.png">
      <Filter>资源文件\BackGround</Filter>
    </Image>
    <Image Include="resource\BackGround\GameBk10.png">
      <Filter>资源文件\BackGround</Filter>
    </Image>
    <Image Include="resource\BackGround\GameBk11.png">
      <Filter>资源文件\BackGround</Filter>
    </Image>
    <Image Include="resource\BackGround\GameBk12.png">
      <Filter>资源文件\BackGround</Filter>
    </Image>
    <Image Include="resource\skin3\Skin3_Piece_1_0.png">
      <Filter>资源文件\Skin 3</Filter>
    </Image>
    <Image Include="resource\skin3\Skin3_Piece_1_1.png">
      <Filter>资源文件\Skin 3</Filter>
    </Image>
    <Image Include="resource\skin3\Skin3_Piece_1_2.png">
      <Filter>资源文件\Skin 3</Filter>
    </Image>
    <Image Include="resource\skin3\Skin3_Piece_1_3.png">
      <Filter>资源文件\Skin 3</Filter>
    </Image>
    <Image Include="resource\skin3\Skin3_Piece_1_4.png">
      <Filter>资源文件\Skin 3</Filter>
    </Image>
    <Image Include="resource\skin3\Skin3_Piece_1_5.png">
      <Filter>资源文件\Skin 3</Filter>
    </Image>
    <Image Include="resource\skin3\Skin3_Piece_2_0.png">
      <Filter>资源文件\Skin 3</Filter>
    </Image>
    <Image Include="resource\skin3\Skin3_Piece_2_1.png">
      <Filter>资源文件\Skin 3</Filter>
    </Image>
    <Image Include="resource\skin3\Skin3_Piece_2_2.png">
      <Filter>资源文件\Skin 3</Filter>
    </Image>
    <Image Include="resource\skin3\Skin3_Piece_2_3.png">
      <Filter>资源文件\Skin 3</Filter>
    </Image>
    <Image Include="resource\skin3\Skin3_Piece_2_4.png">
      <Filter>资源文件\Skin 3</Filter>
    </Image>
    <Image Include="resource\skin3\Skin3_Piece_2_5.png">
      <Filter>资源文件\Skin 3</Filter>
    </Image>
    <Image Include="resource\skin3\Skin3_Piece_3_0.png">
      <Filter>资源文件\Skin 3</Filter>
    </Image>
    <Image Include="resource\skin3\Skin3_Piece_3_1.png">
      <Filter>资源文件\Skin 3</Filter>
    </Image>
    <Image Include="resource\skin3\Skin3_Piece_3_2.png">
      <Filter>资源文件\Skin 3</Filter>
    </Image>
    <Image Include="resource\skin3\Skin3_Piece_3_3.png">
      <Filter>资源文件\Skin 3</Filter>
    </Image>
    <Image Include="resource\skin3\Skin3_Piece_3_4.png">
      <Filter>资源文件\Skin 3</Filter>
    </Image>
    <Image Include="resource\skin3\Skin3_Piece_3_5.png">
      <Filter>资源文件\Skin 3</Filter>
    </Image>
    <Image Include="resource\skin3\Skin3_Piece_4_0.png">
      <Filter>资源文件\Skin 3</Filter>
    </Image>
    <Image Include="resource\skin3\Skin3_Piece_4_1.png">
      <Filter>资源文件\Skin 3</Filter>
    </Image>
    <Image Include="resource\skin3\Skin3_Piece_4_2.png">
      <Filter>资源文件\Skin 3</Filter>
    </Image>
    <Image Include="resource\skin3\Skin3_Piece_4_3.png">
      <Filter>资源文件\Skin 3</Filter>
    </Image>
    <Image Include="resource\skin3\Skin3_Piece_4_4.png">
      <Filter>资源文件\Skin 3</Filter>
    </Image>
    <Image Include="resource\skin3\Skin3_Piece_4_5.png">
      <Filter>资源文件\Skin 3</Filter>
    </Image>
    <Image Include="resource\skin3\Skin3_Piece_5_0.png">
      <Filter>资源文件\Skin 3</Filter>
    </Image>
    <Image Include="resource\skin3\Skin3_Piece_5_1.png">
      <Filter>资源文件\Skin 3</Filter>
    </Image>
    <Image Include="resource\skin3\Skin3_Piece_5_2.png">
      <Filter>资源文件\Skin 3</Filter>
    </Image>
    <Image Include="resource\skin3\Skin3_Piece_5_3.png">
      <Filter>资源文件\Skin 3</Filter>
    </Image>
    <Image Include="resource\skin3\Skin3_Piece_5_4.png">
      <Filter>资源文件\Skin 3</Filter>
    </Image>
    <Image Include="resource\skin3\Skin3_Piece_5_5.png">
      <Filter>资源文件\Skin 3</Filter>
    </Image>
    <Image Include="resource\skin3\Skin3_Piece_6_0.png">
      <Filter>资源文件\Skin 3</Filter>
    </Image>
    <Image Include="resource\skin3\Skin3_Piece_6_1.png">
      <Filter>资源文件\Skin 3</Filter>
    </Image>
    <Image Include="resource\skin3\Skin3_Piece_6_2.png">
      <Filter>资源文件\Skin 3</Filter>
    </Image>
    <Image Include="resource\skin3\Skin3_Piece_6_3.png">
      <Filter>资源文件\Skin 3</Filter>
    </Image>
    <Image Include="resource\skin3\Skin3_Piece_6_4.png">
      <Filter>资源文件\Skin 3</Filter>
    </Image>
    <Image Include="resource\skin3\Skin3_Piece_6_5.png">
      <Filter>资源文件\Skin 3</Filter>
    </Image>
    <Image Include="resource\skin3\Skin3_Piece_Clear.png">
      <Filter>资源文件\Skin 3</Filter>
    </Image>
    <Image Include="resource\skin3\Skin3_Piece_Special_1.png">
      <Filter>资源文件\Skin 3</Filter>
    </Image>
    <Image Include="resource\skin3\Skin3_Piece_Special_2.png">
      <Filter>资源文件\Skin 3</Filter>
    </Image>
    <Image Include="resource\skin1\Skin1_Piece_1_0.png">
      <Filter>资源文件\Skin 1</Filter>
    </Image>
    <Image Include="resource\skin1\Skin1_Piece_1_1.png">
      <Filter>资源文件\Skin 1</Filter>
    </Image>
    <Image Include="resource\skin1\Skin1_Piece_1_2.png">
      <Filter>资源文件\Skin 1</Filter>
    </Image>
    <Image Include="resource\skin1\Skin1_Piece_1_3.png">
      <Filter>资源文件\Skin 1</Filter>
    </Image>
    <Image Include="resource\skin1\Skin1_Piece_1_4.png">
      <Filter>资源文件\Skin 1</Filter>
    </Image>
    <Image Include="resource\skin1\Skin1_Piece_1_5.png">
      <Filter>资源文件\Skin 1</Filter>
    </Image>
    <Image Include="resource\skin1\Skin1_Piece_2_0.png">
      <Filter>资源文件\Skin 1</Filter>
    </Image>
    <Image Include="resource\skin1\Skin1_Piece_2_1.png">
      <Filter>资源文件\Skin 1</Filter>
    </Image>
    <Image Include="resource\skin1\Skin1_Piece_2_2.png">
      <Filter>资源文件\Skin 1</Filter>
    </Image>
    <Image Include="resource\skin1\Skin1_Piece_2_3.png">
      <Filter>资源文件\Skin 1</Filter>
    </Image>
    <Image Include="resource\skin1\Skin1_Piece_2_4.png">
      <Filter>资源文件\Skin 1</Filter>
    </Image>
    <Image Include="resource\skin1\Skin1_Piece_2_5.png">
      <Filter>资源文件\Skin 1</Filter>
    </Image>
    <Image Include="resource\skin1\Skin1_Piece_3_0.png">
      <Filter>资源文件\Skin 1</Filter>
    </Image>
    <Image Include="resource\skin1\Skin1_Piece_3_1.png">
      <Filter>资源文件\Skin 1</Filter>
    </Image>
    <Image Include="resource\skin1\Skin1_Piece_3_2.png">
      <Filter>资源文件\Skin 1</Filter>
    </Image>
    <Image Include="resource\skin1\Skin1_Piece_3_3.png">
      <Filter>资源文件\Skin 1</Filter>
    </Image>
    <Image Include="resource\skin1\Skin1_Piece_3_4.png">
      <Filter>资源文件\Skin 1</Filter>
    </Image>
    <Image Include="resource\skin1\Skin1_Piece_3_5.png">
      <Filter>资源文件\Skin 1</Filter>
    </Image>
    <Image Include="resource\skin1\Skin1_Piece_4_0.png">
      <Filter>资源文件\Skin 1</Filter>
    </Image>
    <Image Include="resource\skin1\Skin1_Piece_4_1.png">
      <Filter>资源文件\Skin 1</Filter>
    </Image>
    <Image Include="resource\skin1\Skin1_Piece_4_2.png">
      <Filter>资源文件\Skin 1</Filter>
    </Image>
    <Image Include="resource\skin1\Skin1_Piece_4_3.png">
      <Filter>资源文件\Skin 1</Filter>
    </Image>
    <Image Include="resource\skin1\Skin1_Piece_4_4.png">
      <Filter>资源文件\Skin 1</Filter>
    </Image>
    <Image Include="resource\skin1\Skin1_Piece_4_5.png">
      <Filter>资源文件\Skin 1</Filter>
    </Image>
    <Image Include="resource\skin1\Skin1_Piece_5_0.png">
      <Filter>资源文件\Skin 1</Filter>
    </Image>
    <Image Include="resource\skin1\Skin1_Piece_5_1.png">
      <Filter>资源文件\Skin 1</Filter>
    </Image>
    <Image Include="resource\skin1\Skin1_Piece_5_2.png">
      <Filter>资源文件\Skin 1</Filter>
    </Image>
    <Image Include="resource\skin1\Skin1_Piece_5_3.png">
      <Filter>资源文件\Skin 1</Filter>
    </Image>
    <Image Include="resource\skin1\Skin1_Piece_5_4.png">
      <Filter>资源文件\Skin 1</Filter>
    </Image>
    <Image Include="resource\skin1\Skin1_Piece_5_5.png">
      <Filter>资源文件\Skin 1</Filter>
    </Image>
    <Image Include="resource\skin1\Skin1_Piece_6_0.png">
      <Filter>资源文件\Skin 1</Filter>
    </Image>
    <Image Include="resource\skin1\Skin1_Piece_6_1.png">
      <Filter>资源文件\Skin 1</Filter>
    </Image>
    <Image Include="resource\skin1\Skin1_Piece_6_2.png">
      <Filter>资源文件\Skin 1</Filter>
    </Image>
    <Image Include="resource\skin1\Skin1_Piece_6_3.png">
      <Filter>资源文件\Skin 1</Filter>
    </Image>
    <Image Include="resource\skin1\Skin1_Piece_6_4.png">
      <Filter>资源文件\Skin 1</Filter>
    </Image>
    <Image Include="resource\skin1\Skin1_Piece_6_5.png">
      <Filter>资源文件\Skin 1</Filter>
    </Image>
    <Image Include="resource\skin1\Skin1_Piece_Clear.png">
      <Filter>资源文件\Skin 1</Filter>
    </Image>
    <Image Include="resource\skin1\Skin1_Piece_Special_1.png">
      <Filter>资源文件\Skin 1</Filter>
    </Image>
    <Image Include="resource\skin1\Skin1_Piece_Special_2.png">
      <Filter>资源文件\Skin 1</Filter>
    </Image>
    <Image Include="resource\g_Exit.png">
      <Filter>资源文件</Filter>
    </Image>
    <Image Include="resource\g_pause.png">
      <Filter>资源文件</Filter>
    </Image>
    <Image Include="resource\g_ctn.png">
      <Filter>资源文件</Filter>
    </Image>
    <Image Include="..\..\..\..\Desktop\新建文件夹 (2)\Skin3_Piece_2_5.png">
      <Filter>资源文件\Skin 2</Filter>
    </Image>
    <Image Include="..\..\..\..\Desktop\新建文件夹 (2)\Skin3_Piece_2_0.png">
      <Filter>资源文件\Skin 2</Filter>
    </Image>
    <Image Include="..\..\..\..\Desktop\新建文件夹 (2)\Skin3_Piece_2_1.png">
      <Filter>资源文件\Skin 2</Filter>
    </Image>
    <Image Include="..\..\..\..\Desktop\新建文件夹 (2)\Skin3_Piece_2_2.png">
      <Filter>资源文件\Skin 2</Filter>
    </Image>
    <Image Include="..\..\..\..\Desktop\新建文件夹 (2)\Skin3_Piece_2_3.png">
      <Filter>资源文件\Skin 2</Filter>
    </Image>
    <Image Include="..\..\..\..\Desktop\新建文件夹 (2)\Skin3_Piece_2_4.png">
      <Filter>资源文件\Skin 2</Filter>
    </Image>
    <Image Include="resource\skin2\Skin3_Piece_1_5.png">
      <Filter>资源文件\Skin 2</Filter>
    </Image>
    <Image Include="resource\skin2\Skin3_Piece_1_0.png">
      <Filter>资源文件\Skin 2</Filter>
    </Image>
    <Image Include="resource\skin2\Skin3_Piece_1_1.png">
      <Filter>资源文件\Skin 2</Filter>
    </Image>
    <Image Include="resource\skin2\Skin3_Piece_1_2.png">
      <Filter>资源文件\Skin 2</Filter>
    </Image>
    <Image Include="resource\skin2\Skin3_Piece_1_3.png">
      <Filter>资源文件\Skin 2</Filter>
    </Image>
    <Image Include="resource\skin2\Skin3_Piece_1_4.png">
      <Filter>资源文件\Skin 2</Filter>
    </Image>
  </ItemGroup>
</Project>